
Microsoft Visual Studio Solution File, Format Version 12.00
# Visual Studio Version 17
VisualStudioVersion = 17.0.32014.148
MinimumVisualStudioVersion = 10.0.40219.1
Project("{FAE04EC0-301F-11D3-BF4B-00C04F79EFBC}") = "Mkr", "Mkr.csproj", "{0136CD39-31BB-4EEF-A05B-A614536D7CD2}"
EndProject
Global
	GlobalSection(SolutionConfigurationPlatforms) = preSolution
		Debug|Any CPU = Debug|Any CPU
		Release|Any CPU = Release|Any CPU
	EndGlobalSection
	GlobalSection(ProjectConfigurationPlatforms) = postSolution
		{0136CD39-31BB-4EEF-A05B-A614536D7CD2}.Debug|Any CPU.ActiveCfg = Debug|Any CPU
		{0136CD39-31BB-4EEF-A05B-A614536D7CD2}.Debug|Any CPU.Build.0 = Debug|Any CPU
		{0136CD39-31BB-4EEF-A05B-A614536D7CD2}.Release|Any CPU.ActiveCfg = Release|Any CPU
		{0136CD39-31BB-4EEF-A05B-A614536D7CD2}.Release|Any CPU.Build.0 = Release|Any CPU
	EndGlobalSection
	GlobalSection(SolutionProperties) = preSolution
		HideSolutionNode = FALSE
	EndGlobalSection
	GlobalSection(ExtensibilityGlobals) = postSolution
		SolutionGuid = {AEBF828F-C56B-48EC-AA7A-F3C2769DAC91}
	EndGlobalSection
EndGlobal
